
Microsoft Visual Studio Solution File, Format Version 11.00
# Visual Studio 2010
# SharpDevelop 5.1
Project("{FAE04EC0-301F-11D3-BF4B-00C04F79EFBC}") = "LICAMBAThomasOrjuela", "LICAMBAThomasOrjuela\LICAMBAThomasOrjuela.csproj", "{8B2B1D29-B616-4A19-8BB4-F96873E90627}"
EndProject
Global
	GlobalSection(SolutionConfigurationPlatforms) = preSolution
		Debug|Any CPU = Debug|Any CPU
		Release|Any CPU = Release|Any CPU
	EndGlobalSection
	GlobalSection(ProjectConfigurationPlatforms) = postSolution
		{8B2B1D29-B616-4A19-8BB4-F96873E90627}.Debug|Any CPU.ActiveCfg = Debug|Any CPU
		{8B2B1D29-B616-4A19-8BB4-F96873E90627}.Debug|Any CPU.Build.0 = Debug|Any CPU
		{8B2B1D29-B616-4A19-8BB4-F96873E90627}.Release|Any CPU.ActiveCfg = Release|Any CPU
		{8B2B1D29-B616-4A19-8BB4-F96873E90627}.Release|Any CPU.Build.0 = Release|Any CPU
	EndGlobalSection
EndGlobal
